{
  "name": "@emphori/stitch",
  "lockfileVersion": 2,
  "requires": true,
  "packages": {
    "": {
      "name": "@emphori/stitch",
      "license": "MIT",
      "devDependencies": {
        "@types/node": "^17.0.23",
        "@typescript/lib-es2015": "file:./types/lib-es2015",
        "@typescript/lib-es5": "file:./types/lib-es5",
        "typescript": "^4.6.2"
      }
    },
    "node_modules/@types/node": {
      "version": "17.0.23",
      "resolved": "https://registry.npmjs.org/@types/node/-/node-17.0.23.tgz",
      "integrity": "sha512-UxDxWn7dl97rKVeVS61vErvw086aCYhDLyvRQZ5Rk65rZKepaFdm53GeqXaKBuOhED4e9uWq34IC3TdSdJJ2Gw==",
      "dev": true
    },
    "node_modules/@typescript/lib-es2015": {
      "resolved": "types/lib-es2015",
      "link": true
    },
    "node_modules/@typescript/lib-es5": {
      "resolved": "types/lib-es5",
      "link": true
    },
    "node_modules/typescript": {
      "version": "4.6.2",
      "resolved": "https://registry.npmjs.org/typescript/-/typescript-4.6.2.tgz",
      "integrity": "sha512-HM/hFigTBHZhLXshn9sN37H085+hQGeJHJ/X7LpBWLID/fbc2acUMfU+lGD98X81sKP+pFa9f0DZmCwB9GnbAg==",
      "dev": true,
      "bin": {
        "tsc": "bin/tsc",
        "tsserver": "bin/tsserver"
      },
      "engines": {
        "node": ">=4.2.0"
      }
    },
    "types": {
      "dev": true
    },
    "types/es2015.promise": {
      "extraneous": true
    },
    "types/es2015.promise.d.ts": {
      "extraneous": true
    },
    "types/lib-es2015": {
      "dev": true
    },
    "types/lib-es2015-promise": {
      "extraneous": true
    },
    "types/lib-es5": {
      "dev": true,
      "hasInstallScript": true
    },
    "types/typed-promise": {
      "extraneous": true
    }
  },
  "dependencies": {
    "@types/node": {
      "version": "17.0.23",
      "resolved": "https://registry.npmjs.org/@types/node/-/node-17.0.23.tgz",
      "integrity": "sha512-UxDxWn7dl97rKVeVS61vErvw086aCYhDLyvRQZ5Rk65rZKepaFdm53GeqXaKBuOhED4e9uWq34IC3TdSdJJ2Gw==",
      "dev": true
    },
    "@typescript/lib-es2015": {
      "version": "file:types/lib-es2015"
    },
    "@typescript/lib-es5": {
      "version": "file:types/lib-es5"
    },
    "typescript": {
      "version": "4.6.2",
      "resolved": "https://registry.npmjs.org/typescript/-/typescript-4.6.2.tgz",
      "integrity": "sha512-HM/hFigTBHZhLXshn9sN37H085+hQGeJHJ/X7LpBWLID/fbc2acUMfU+lGD98X81sKP+pFa9f0DZmCwB9GnbAg==",
      "dev": true
    }
  }
}
