{
  "name": "@emphori/compose",
  "lockfileVersion": 2,
  "requires": true,
  "packages": {
    "": {
      "name": "@emphori/compose",
      "license": "MIT",
      "dependencies": {
        "@typescript/lib-es2015": "file:./types/lib-es2015"
      },
      "devDependencies": {
        "typescript": "^4.6.2"
      }
    },
    "node_modules/@typescript/lib-es2015": {
      "resolved": "types/lib-es2015",
      "link": true
    },
    "node_modules/typescript": {
      "version": "4.6.2",
      "dev": true,
      "license": "Apache-2.0",
      "bin": {
        "tsc": "bin/tsc",
        "tsserver": "bin/tsserver"
      },
      "engines": {
        "node": ">=4.2.0"
      }
    },
    "types/lib-es2015": {}
  },
  "dependencies": {
    "@typescript/lib-es2015": {
      "version": "file:types/lib-es2015"
    },
    "typescript": {
      "version": "4.6.2",
      "dev": true
    }
  }
}
